github.com/huandu/go-tls v1.0.1 h1:vdRzdlUFlqXWy0cfy5lVvHgUf6rt8QwEA/gCOCzsDX8=
github.com/huandu/go-tls v1.0.1/go.mod h1:WeItecBdaIdUBRb7cSMMk+rq41iFKhf6Q9mDRDpbdec=
golang.org/x/arch v0.0.0-20210727222714-28578f966459 h1:ECTRghTMeoUryGydSc+nr1o4M2i73DwlP4LFEDJb3II=
golang.org/x/arch v0.0.0-20210727222714-28578f966459/go.mod h1:5om86z9Hs0C8fWVUuoMHwpExlXzs5Tkyp9hOrfG7pp8=
golang.org/x/sys v0.0.0-20200107162124-548cf772de50/go.mod h1:h1NjWce9XRLGQEsW7wpKNCjG9DtNlClVuFLEZdDNbEs=
rsc.io/pdf v0.1.1/go.mod h1:n8OzWcQ6Sp37PL01nO98y4iUCRdTGarVfzxY20ICaU4=
